
Microsoft Visual Studio Solution File, Format Version 12.00
# Visual Studio Version 16
VisualStudioVersion = 16.0.30204.135
MinimumVisualStudioVersion = 10.0.40219.1
Project("{FAE04EC0-301F-11D3-BF4B-00C04F79EFBC}") = "Microsoft.Dynamics.CrmClient", "Microsoft.Dynamics.CrmClient\Microsoft.Dynamics.CrmClient.csproj", "{F7DB252D-749A-4038-A9DE-6924C219466A}"
EndProject
Project("{FAE04EC0-301F-11D3-BF4B-00C04F79EFBC}") = "Microsoft.Dynamics.CrmClient.Tests", "Microsoft.Dynamics.CrmClient.Tests\Microsoft.Dynamics.CrmClient.Tests.csproj", "{843E40A9-55DF-4894-9189-54DB3F137012}"
EndProject
Global
	GlobalSection(SolutionConfigurationPlatforms) = preSolution
		Debug|Any CPU = Debug|Any CPU
		Release|Any CPU = Release|Any CPU
	EndGlobalSection
	GlobalSection(ProjectConfigurationPlatforms) = postSolution
		{F7DB252D-749A-4038-A9DE-6924C219466A}.Debug|Any CPU.ActiveCfg = Debug|Any CPU
		{F7DB252D-749A-4038-A9DE-6924C219466A}.Debug|Any CPU.Build.0 = Debug|Any CPU
		{F7DB252D-749A-4038-A9DE-6924C219466A}.Release|Any CPU.ActiveCfg = Release|Any CPU
		{F7DB252D-749A-4038-A9DE-6924C219466A}.Release|Any CPU.Build.0 = Release|Any CPU
		{843E40A9-55DF-4894-9189-54DB3F137012}.Debug|Any CPU.ActiveCfg = Debug|Any CPU
		{843E40A9-55DF-4894-9189-54DB3F137012}.Debug|Any CPU.Build.0 = Debug|Any CPU
		{843E40A9-55DF-4894-9189-54DB3F137012}.Release|Any CPU.ActiveCfg = Release|Any CPU
		{843E40A9-55DF-4894-9189-54DB3F137012}.Release|Any CPU.Build.0 = Release|Any CPU
	EndGlobalSection
	GlobalSection(SolutionProperties) = preSolution
		HideSolutionNode = FALSE
	EndGlobalSection
	GlobalSection(ExtensibilityGlobals) = postSolution
		SolutionGuid = {617F0289-D87F-4ACC-9683-CCEF9AD51490}
	EndGlobalSection
EndGlobal
